
Microsoft Visual Studio Solution File, Format Version 12.00
# Visual Studio 15
VisualStudioVersion = 15.0.28307.136
MinimumVisualStudioVersion = 10.0.40219.1
Project("{FAE04EC0-301F-11D3-BF4B-00C04F79EFBC}") = "Upr4_3", "Upr4_3\Upr4_3.csproj", "{A8F56DA2-B75F-4CF1-AFF4-D099BBDC8607}"
EndProject
Global
	GlobalSection(SolutionConfigurationPlatforms) = preSolution
		Debug|Any CPU = Debug|Any CPU
		Release|Any CPU = Release|Any CPU
	EndGlobalSection
	GlobalSection(ProjectConfigurationPlatforms) = postSolution
		{A8F56DA2-B75F-4CF1-AFF4-D099BBDC8607}.Debug|Any CPU.ActiveCfg = Debug|Any CPU
		{A8F56DA2-B75F-4CF1-AFF4-D099BBDC8607}.Debug|Any CPU.Build.0 = Debug|Any CPU
		{A8F56DA2-B75F-4CF1-AFF4-D099BBDC8607}.Release|Any CPU.ActiveCfg = Release|Any CPU
		{A8F56DA2-B75F-4CF1-AFF4-D099BBDC8607}.Release|Any CPU.Build.0 = Release|Any CPU
	EndGlobalSection
	GlobalSection(SolutionProperties) = preSolution
		HideSolutionNode = FALSE
	EndGlobalSection
	GlobalSection(ExtensibilityGlobals) = postSolution
		SolutionGuid = {7C8F2F82-9113-4F45-87D5-7FB2B4DD398F}
	EndGlobalSection
EndGlobal
